
Microsoft Visual Studio Solution File, Format Version 12.00
# Visual Studio Version 16
VisualStudioVersion = 16.0.31005.135
MinimumVisualStudioVersion = 10.0.40219.1
Project("{FAE04EC0-301F-11D3-BF4B-00C04F79EFBC}") = "WpfApp2", "WpfApp2\WpfApp2.csproj", "{5B377226-7F48-44F1-941F-FE1BB5DB1605}"
EndProject
Global
	GlobalSection(SolutionConfigurationPlatforms) = preSolution
		Debug|Any CPU = Debug|Any CPU
		Release|Any CPU = Release|Any CPU
	EndGlobalSection
	GlobalSection(ProjectConfigurationPlatforms) = postSolution
		{5B377226-7F48-44F1-941F-FE1BB5DB1605}.Debug|Any CPU.ActiveCfg = Debug|Any CPU
		{5B377226-7F48-44F1-941F-FE1BB5DB1605}.Debug|Any CPU.Build.0 = Debug|Any CPU
		{5B377226-7F48-44F1-941F-FE1BB5DB1605}.Release|Any CPU.ActiveCfg = Release|Any CPU
		{5B377226-7F48-44F1-941F-FE1BB5DB1605}.Release|Any CPU.Build.0 = Release|Any CPU
	EndGlobalSection
	GlobalSection(SolutionProperties) = preSolution
		HideSolutionNode = FALSE
	EndGlobalSection
	GlobalSection(ExtensibilityGlobals) = postSolution
		SolutionGuid = {3B30F6A5-7787-46F5-BC82-C4078C11423A}
	EndGlobalSection
EndGlobal
